// !$*UTF8*$!
{
	archiveVersion = 1;
	classes = {
	};
	objectVersion = 50;
	objects = {

/* Begin PBXBuildFile section */
		0A65B46925F9315600FB2DD4 /* AppDelegate.swift in Sources */ = {isa = PBXBuildFile; fileRef = 0A65B46825F9315600FB2DD4 /* AppDelegate.swift */; };
		0A65B46D25F9315800FB2DD4 /* Assets.xcassets in Resources */ = {isa = PBXBuildFile; fileRef = 0A65B46C25F9315800FB2DD4 /* Assets.xcassets */; };
		0A65B47F25F9318100FB2DD4 /* FinderSync.swift in Sources */ = {isa = PBXBuildFile; fileRef = 0A65B47E25F9318100FB2DD4 /* FinderSync.swift */; };
		0A65B48425F9318100FB2DD4 /* PasteBoardFinderExtension.appex in Embed App Extensions */ = {isa = PBXBuildFile; fileRef = 0A65B47C25F9318100FB2DD4 /* PasteBoardFinderExtension.appex */; settings = {ATTRIBUTES = (RemoveHeadersOnCopy, ); }; };
		0A65B48A25F931DD00FB2DD4 /* Media.xcassets in Resources */ = {isa = PBXBuildFile; fileRef = 0A65B48925F931DD00FB2DD4 /* Media.xcassets */; };
		0A65B48C25F9326200FB2DD4 /* Utils.swift in Sources */ = {isa = PBXBuildFile; fileRef = 0A65B48B25F9326200FB2DD4 /* Utils.swift */; };
		0ACF11CE25F9399600AAA8D4 /* Main.storyboard in Resources */ = {isa = PBXBuildFile; fileRef = 0ACF11CD25F9399600AAA8D4 /* Main.storyboard */; };
/* End PBXBuildFile section */

/* Begin PBXContainerItemProxy section */
		0A65B48225F9318100FB2DD4 /* PBXContainerItemProxy */ = {
			isa = PBXContainerItemProxy;
			containerPortal = 0A65B45D25F9315500FB2DD4 /* Project object */;
			proxyType = 1;
			remoteGlobalIDString = 0A65B47B25F9318100FB2DD4;
			remoteInfo = PasteBoardFinderExtension;
		};
/* End PBXContainerItemProxy section */

/* Begin PBXCopyFilesBuildPhase section */
		0A65B48825F9318100FB2DD4 /* Embed App Extensions */ = {
			isa = PBXCopyFilesBuildPhase;
			buildActionMask = 2147483647;
			dstPath = "";
			dstSubfolderSpec = 13;
			files = (
				0A65B48425F9318100FB2DD4 /* PasteBoardFinderExtension.appex in Embed App Extensions */,
			);
			name = "Embed App Extensions";
			runOnlyForDeploymentPostprocessing = 0;
		};
/* End PBXCopyFilesBuildPhase section */

/* Begin PBXFileReference section */
		0A65B46525F9315600FB2DD4 /* PasteBoard.app */ = {isa = PBXFileReference; explicitFileType = wrapper.application; includeInIndex = 0; path = PasteBoard.app; sourceTree = BUILT_PRODUCTS_DIR; };
		0A65B46825F9315600FB2DD4 /* AppDelegate.swift */ = {isa = PBXFileReference; lastKnownFileType = sourcecode.swift; path = AppDelegate.swift; sourceTree = "<group>"; };
		0A65B46C25F9315800FB2DD4 /* Assets.xcassets */ = {isa = PBXFileReference; lastKnownFileType = folder.assetcatalog; path = Assets.xcassets; sourceTree = "<group>"; };
		0A65B47125F9315800FB2DD4 /* Info.plist */ = {isa = PBXFileReference; lastKnownFileType = text.plist.xml; path = Info.plist; sourceTree = "<group>"; };
		0A65B47225F9315800FB2DD4 /* PasteBoard.entitlements */ = {isa = PBXFileReference; lastKnownFileType = text.plist.entitlements; path = PasteBoard.entitlements; sourceTree = "<group>"; };
		0A65B47C25F9318100FB2DD4 /* PasteBoardFinderExtension.appex */ = {isa = PBXFileReference; explicitFileType = "wrapper.app-extension"; includeInIndex = 0; path = PasteBoardFinderExtension.appex; sourceTree = BUILT_PRODUCTS_DIR; };
		0A65B47E25F9318100FB2DD4 /* FinderSync.swift */ = {isa = PBXFileReference; lastKnownFileType = sourcecode.swift; path = FinderSync.swift; sourceTree = "<group>"; };
		0A65B48025F9318100FB2DD4 /* Info.plist */ = {isa = PBXFileReference; lastKnownFileType = text.plist.xml; path = Info.plist; sourceTree = "<group>"; };
		0A65B48125F9318100FB2DD4 /* PasteBoardFinderExtension.entitlements */ = {isa = PBXFileReference; lastKnownFileType = text.plist.entitlements; path = PasteBoardFinderExtension.entitlements; sourceTree = "<group>"; };
		0A65B48925F931DD00FB2DD4 /* Media.xcassets */ = {isa = PBXFileReference; lastKnownFileType = folder.assetcatalog; path = Media.xcassets; sourceTree = "<group>"; };
		0A65B48B25F9326200FB2DD4 /* Utils.swift */ = {isa = PBXFileReference; lastKnownFileType = sourcecode.swift; path = Utils.swift; sourceTree = "<group>"; };
		0ACF11CD25F9399600AAA8D4 /* Main.storyboard */ = {isa = PBXFileReference; fileEncoding = 4; lastKnownFileType = file.storyboard; path = Main.storyboard; sourceTree = "<group>"; };
/* End PBXFileReference section */

/* Begin PBXFrameworksBuildPhase section */
		0A65B46225F9315600FB2DD4 /* Frameworks */ = {
			isa = PBXFrameworksBuildPhase;
			buildActionMask = 2147483647;
			files = (
			);
			runOnlyForDeploymentPostprocessing = 0;
		};
		0A65B47925F9318100FB2DD4 /* Frameworks */ = {
			isa = PBXFrameworksBuildPhase;
			buildActionMask = 2147483647;
			files = (
			);
			runOnlyForDeploymentPostprocessing = 0;
		};
/* End PBXFrameworksBuildPhase section */

/* Begin PBXGroup section */
		0A65B45C25F9315500FB2DD4 = {
			isa = PBXGroup;
			children = (
				0A65B46725F9315600FB2DD4 /* PasteBoard */,
				0A65B47D25F9318100FB2DD4 /* PasteBoardFinderExtension */,
				0A65B46625F9315600FB2DD4 /* Products */,
			);
			sourceTree = "<group>";
		};
		0A65B46625F9315600FB2DD4 /* Products */ = {
			isa = PBXGroup;
			children = (
				0A65B46525F9315600FB2DD4 /* PasteBoard.app */,
				0A65B47C25F9318100FB2DD4 /* PasteBoardFinderExtension.appex */,
			);
			name = Products;
			sourceTree = "<group>";
		};
		0A65B46725F9315600FB2DD4 /* PasteBoard */ = {
			isa = PBXGroup;
			children = (
				0A65B46825F9315600FB2DD4 /* AppDelegate.swift */,
				0A65B46C25F9315800FB2DD4 /* Assets.xcassets */,
				0A65B47125F9315800FB2DD4 /* Info.plist */,
				0ACF11CD25F9399600AAA8D4 /* Main.storyboard */,
				0A65B47225F9315800FB2DD4 /* PasteBoard.entitlements */,
			);
			path = PasteBoard;
			sourceTree = "<group>";
		};
		0A65B47D25F9318100FB2DD4 /* PasteBoardFinderExtension */ = {
			isa = PBXGroup;
			children = (
				0A65B47E25F9318100FB2DD4 /* FinderSync.swift */,
				0A65B48025F9318100FB2DD4 /* Info.plist */,
				0A65B48125F9318100FB2DD4 /* PasteBoardFinderExtension.entitlements */,
				0A65B48925F931DD00FB2DD4 /* Media.xcassets */,
				0A65B48B25F9326200FB2DD4 /* Utils.swift */,
			);
			path = PasteBoardFinderExtension;
			sourceTree = "<group>";
		};
/* End PBXGroup section */

/* Begin PBXNativeTarget section */
		0A65B46425F9315600FB2DD4 /* PasteBoard */ = {
			isa = PBXNativeTarget;
			buildConfigurationList = 0A65B47525F9315800FB2DD4 /* Build configuration list for PBXNativeTarget "PasteBoard" */;
			buildPhases = (
				0A65B46125F9315600FB2DD4 /* Sources */,
				0A65B46225F9315600FB2DD4 /* Frameworks */,
				0A65B46325F9315600FB2DD4 /* Resources */,
				0A65B48825F9318100FB2DD4 /* Embed App Extensions */,
			);
			buildRules = (
			);
			dependencies = (
				0A65B48325F9318100FB2DD4 /* PBXTargetDependency */,
			);
			name = PasteBoard;
			productName = PasteBoard;
			productReference = 0A65B46525F9315600FB2DD4 /* PasteBoard.app */;
			productType = "com.apple.product-type.application";
		};
		0A65B47B25F9318100FB2DD4 /* PasteBoardFinderExtension */ = {
			isa = PBXNativeTarget;
			buildConfigurationList = 0A65B48525F9318100FB2DD4 /* Build configuration list for PBXNativeTarget "PasteBoardFinderExtension" */;
			buildPhases = (
				0A65B47825F9318100FB2DD4 /* Sources */,
				0A65B47925F9318100FB2DD4 /* Frameworks */,
				0A65B47A25F9318100FB2DD4 /* Resources */,
			);
			buildRules = (
			);
			dependencies = (
			);
			name = PasteBoardFinderExtension;
			productName = PasteBoardFinderExtension;
			productReference = 0A65B47C25F9318100FB2DD4 /* PasteBoardFinderExtension.appex */;
			productType = "com.apple.product-type.app-extension";
		};
/* End PBXNativeTarget section */

/* Begin PBXProject section */
		0A65B45D25F9315500FB2DD4 /* Project object */ = {
			isa = PBXProject;
			attributes = {
				LastSwiftUpdateCheck = 1250;
				LastUpgradeCheck = 1250;
				TargetAttributes = {
					0A65B46425F9315600FB2DD4 = {
						CreatedOnToolsVersion = 12.5;
					};
					0A65B47B25F9318100FB2DD4 = {
						CreatedOnToolsVersion = 12.5;
					};
				};
			};
			buildConfigurationList = 0A65B46025F9315500FB2DD4 /* Build configuration list for PBXProject "PasteBoard" */;
			compatibilityVersion = "Xcode 9.3";
			developmentRegion = en;
			hasScannedForEncodings = 0;
			knownRegions = (
				en,
				Base,
			);
			mainGroup = 0A65B45C25F9315500FB2DD4;
			productRefGroup = 0A65B46625F9315600FB2DD4 /* Products */;
			projectDirPath = "";
			projectRoot = "";
			targets = (
				0A65B46425F9315600FB2DD4 /* PasteBoard */,
				0A65B47B25F9318100FB2DD4 /* PasteBoardFinderExtension */,
			);
		};
/* End PBXProject section */

/* Begin PBXResourcesBuildPhase section */
		0A65B46325F9315600FB2DD4 /* Resources */ = {
			isa = PBXResourcesBuildPhase;
			buildActionMask = 2147483647;
			files = (
				0A65B46D25F9315800FB2DD4 /* Assets.xcassets in Resources */,
				0ACF11CE25F9399600AAA8D4 /* Main.storyboard in Resources */,
			);
			runOnlyForDeploymentPostprocessing = 0;
		};
		0A65B47A25F9318100FB2DD4 /* Resources */ = {
			isa = PBXResourcesBuildPhase;
			buildActionMask = 2147483647;
			files = (
				0A65B48A25F931DD00FB2DD4 /* Media.xcassets in Resources */,
			);
			runOnlyForDeploymentPostprocessing = 0;
		};
/* End PBXResourcesBuildPhase section */

/* Begin PBXSourcesBuildPhase section */
		0A65B46125F9315600FB2DD4 /* Sources */ = {
			isa = PBXSourcesBuildPhase;
			buildActionMask = 2147483647;
			files = (
				0A65B46925F9315600FB2DD4 /* AppDelegate.swift in Sources */,
			);
			runOnlyForDeploymentPostprocessing = 0;
		};
		0A65B47825F9318100FB2DD4 /* Sources */ = {
			isa = PBXSourcesBuildPhase;
			buildActionMask = 2147483647;
			files = (
				0A65B47F25F9318100FB2DD4 /* FinderSync.swift in Sources */,
				0A65B48C25F9326200FB2DD4 /* Utils.swift in Sources */,
			);
			runOnlyForDeploymentPostprocessing = 0;
		};
/* End PBXSourcesBuildPhase section */

/* Begin PBXTargetDependency section */
		0A65B48325F9318100FB2DD4 /* PBXTargetDependency */ = {
			isa = PBXTargetDependency;
			target = 0A65B47B25F9318100FB2DD4 /* PasteBoardFinderExtension */;
			targetProxy = 0A65B48225F9318100FB2DD4 /* PBXContainerItemProxy */;
		};
/* End PBXTargetDependency section */

/* Begin XCBuildConfiguration section */
		0A65B47325F9315800FB2DD4 /* Debug */ = {
			isa = XCBuildConfiguration;
			buildSettings = {
				ALWAYS_SEARCH_USER_PATHS = NO;
				CLANG_ANALYZER_NONNULL = YES;
				CLANG_ANALYZER_NUMBER_OBJECT_CONVERSION = YES_AGGRESSIVE;
				CLANG_CXX_LANGUAGE_STANDARD = "gnu++14";
				CLANG_CXX_LIBRARY = "libc++";
				CLANG_ENABLE_MODULES = YES;
				CLANG_ENABLE_OBJC_ARC = YES;
				CLANG_ENABLE_OBJC_WEAK = YES;
				CLANG_WARN_BLOCK_CAPTURE_AUTORELEASING = YES;
				CLANG_WARN_BOOL_CONVERSION = YES;
				CLANG_WARN_COMMA = YES;
				CLANG_WARN_CONSTANT_CONVERSION = YES;
				CLANG_WARN_DEPRECATED_OBJC_IMPLEMENTATIONS = YES;
				CLANG_WARN_DIRECT_OBJC_ISA_USAGE = YES_ERROR;
				CLANG_WARN_DOCUMENTATION_COMMENTS = YES;
				CLANG_WARN_EMPTY_BODY = YES;
				CLANG_WARN_ENUM_CONVERSION = YES;
				CLANG_WARN_INFINITE_RECURSION = YES;
				CLANG_WARN_INT_CONVERSION = YES;
				CLANG_WARN_NON_LITERAL_NULL_CONVERSION = YES;
				CLANG_WARN_OBJC_IMPLICIT_RETAIN_SELF = YES;
				CLANG_WARN_OBJC_LITERAL_CONVERSION = YES;
				CLANG_WARN_OBJC_ROOT_CLASS = YES_ERROR;
				CLANG_WARN_QUOTED_INCLUDE_IN_FRAMEWORK_HEADER = YES;
				CLANG_WARN_RANGE_LOOP_ANALYSIS = YES;
				CLANG_WARN_STRICT_PROTOTYPES = YES;
				CLANG_WARN_SUSPICIOUS_MOVE = YES;
				CLANG_WARN_UNGUARDED_AVAILABILITY = YES_AGGRESSIVE;
				CLANG_WARN_UNREACHABLE_CODE = YES;
				CLANG_WARN__DUPLICATE_METHOD_MATCH = YES;
				COPY_PHASE_STRIP = NO;
				DEBUG_INFORMATION_FORMAT = dwarf;
				ENABLE_STRICT_OBJC_MSGSEND = YES;
				ENABLE_TESTABILITY = YES;
				GCC_C_LANGUAGE_STANDARD = gnu11;
				GCC_DYNAMIC_NO_PIC = NO;
				GCC_NO_COMMON_BLOCKS = YES;
				GCC_OPTIMIZATION_LEVEL = 0;
				GCC_PREPROCESSOR_DEFINITIONS = (
					"DEBUG=1",
					"$(inherited)",
				);
				GCC_WARN_64_TO_32_BIT_CONVERSION = YES;
				GCC_WARN_ABOUT_RETURN_TYPE = YES_ERROR;
				GCC_WARN_UNDECLARED_SELECTOR = YES;
				GCC_WARN_UNINITIALIZED_AUTOS = YES_AGGRESSIVE;
				GCC_WARN_UNUSED_FUNCTION = YES;
				GCC_WARN_UNUSED_VARIABLE = YES;
				MACOSX_DEPLOYMENT_TARGET = 11.1;
				MTL_ENABLE_DEBUG_INFO = INCLUDE_SOURCE;
				MTL_FAST_MATH = YES;
				ONLY_ACTIVE_ARCH = YES;
				SDKROOT = macosx;
				SWIFT_ACTIVE_COMPILATION_CONDITIONS = DEBUG;
				SWIFT_OPTIMIZATION_LEVEL = "-Onone";
			};
			name = Debug;
		};
		0A65B47425F9315800FB2DD4 /* Release */ = {
			isa = XCBuildConfiguration;
			buildSettings = {
				ALWAYS_SEARCH_USER_PATHS = NO;
				CLANG_ANALYZER_NONNULL = YES;
				CLANG_ANALYZER_NUMBER_OBJECT_CONVERSION = YES_AGGRESSIVE;
				CLANG_CXX_LANGUAGE_STANDARD = "gnu++14";
				CLANG_CXX_LIBRARY = "libc++";
				CLANG_ENABLE_MODULES = YES;
				CLANG_ENABLE_OBJC_ARC = YES;
				CLANG_ENABLE_OBJC_WEAK = YES;
				CLANG_WARN_BLOCK_CAPTURE_AUTORELEASING = YES;
				CLANG_WARN_BOOL_CONVERSION = YES;
				CLANG_WARN_COMMA = YES;
				CLANG_WARN_CONSTANT_CONVERSION = YES;
				CLANG_WARN_DEPRECATED_OBJC_IMPLEMENTATIONS = YES;
				CLANG_WARN_DIRECT_OBJC_ISA_USAGE = YES_ERROR;
				CLANG_WARN_DOCUMENTATION_COMMENTS = YES;
				CLANG_WARN_EMPTY_BODY = YES;
				CLANG_WARN_ENUM_CONVERSION = YES;
				CLANG_WARN_INFINITE_RECURSION = YES;
				CLANG_WARN_INT_CONVERSION = YES;
				CLANG_WARN_NON_LITERAL_NULL_CONVERSION = YES;
				CLANG_WARN_OBJC_IMPLICIT_RETAIN_SELF = YES;
				CLANG_WARN_OBJC_LITERAL_CONVERSION = YES;
				CLANG_WARN_OBJC_ROOT_CLASS = YES_ERROR;
				CLANG_WARN_QUOTED_INCLUDE_IN_FRAMEWORK_HEADER = YES;
				CLANG_WARN_RANGE_LOOP_ANALYSIS = YES;
				CLANG_WARN_STRICT_PROTOTYPES = YES;
				CLANG_WARN_SUSPICIOUS_MOVE = YES;
				CLANG_WARN_UNGUARDED_AVAILABILITY = YES_AGGRESSIVE;
				CLANG_WARN_UNREACHABLE_CODE = YES;
				CLANG_WARN__DUPLICATE_METHOD_MATCH = YES;
				COPY_PHASE_STRIP = NO;
				DEBUG_INFORMATION_FORMAT = "dwarf-with-dsym";
				ENABLE_NS_ASSERTIONS = NO;
				ENABLE_STRICT_OBJC_MSGSEND = YES;
				GCC_C_LANGUAGE_STANDARD = gnu11;
				GCC_NO_COMMON_BLOCKS = YES;
				GCC_WARN_64_TO_32_BIT_CONVERSION = YES;
				GCC_WARN_ABOUT_RETURN_TYPE = YES_ERROR;
				GCC_WARN_UNDECLARED_SELECTOR = YES;
				GCC_WARN_UNINITIALIZED_AUTOS = YES_AGGRESSIVE;
				GCC_WARN_UNUSED_FUNCTION = YES;
				GCC_WARN_UNUSED_VARIABLE = YES;
				MACOSX_DEPLOYMENT_TARGET = 11.1;
				MTL_ENABLE_DEBUG_INFO = NO;
				MTL_FAST_MATH = YES;
				SDKROOT = macosx;
				SWIFT_COMPILATION_MODE = wholemodule;
				SWIFT_OPTIMIZATION_LEVEL = "-O";
			};
			name = Release;
		};
		0A65B47625F9315800FB2DD4 /* Debug */ = {
			isa = XCBuildConfiguration;
			buildSettings = {
				ALWAYS_EMBED_SWIFT_STANDARD_LIBRARIES = YES;
				ASSETCATALOG_COMPILER_APPICON_NAME = AppIcon;
				ASSETCATALOG_COMPILER_GLOBAL_ACCENT_COLOR_NAME = AccentColor;
				CODE_SIGN_ENTITLEMENTS = PasteBoard/PasteBoard.entitlements;
				CODE_SIGN_STYLE = Automatic;
				COMBINE_HIDPI_IMAGES = YES;
				DEVELOPMENT_TEAM = 9937MYTBBA;
				ENABLE_HARDENED_RUNTIME = YES;
				INFOPLIST_FILE = PasteBoard/Info.plist;
				LD_RUNPATH_SEARCH_PATHS = (
					"$(inherited)",
					"@executable_path/../Frameworks",
				);
				MACOSX_DEPLOYMENT_TARGET = 10.15;
				PRODUCT_BUNDLE_IDENTIFIER = org.tabbycatllc.PasteBoard;
				PRODUCT_NAME = "$(TARGET_NAME)";
				SWIFT_VERSION = 5.0;
			};
			name = Debug;
		};
		0A65B47725F9315800FB2DD4 /* Release */ = {
			isa = XCBuildConfiguration;
			buildSettings = {
				ALWAYS_EMBED_SWIFT_STANDARD_LIBRARIES = YES;
				ASSETCATALOG_COMPILER_APPICON_NAME = AppIcon;
				ASSETCATALOG_COMPILER_GLOBAL_ACCENT_COLOR_NAME = AccentColor;
				CODE_SIGN_ENTITLEMENTS = PasteBoard/PasteBoard.entitlements;
				CODE_SIGN_STYLE = Automatic;
				COMBINE_HIDPI_IMAGES = YES;
				DEVELOPMENT_TEAM = 9937MYTBBA;
				ENABLE_HARDENED_RUNTIME = YES;
				INFOPLIST_FILE = PasteBoard/Info.plist;
				LD_RUNPATH_SEARCH_PATHS = (
					"$(inherited)",
					"@executable_path/../Frameworks",
				);
				MACOSX_DEPLOYMENT_TARGET = 10.15;
				PRODUCT_BUNDLE_IDENTIFIER = org.tabbycatllc.PasteBoard;
				PRODUCT_NAME = "$(TARGET_NAME)";
				SWIFT_VERSION = 5.0;
			};
			name = Release;
		};
		0A65B48625F9318100FB2DD4 /* Debug */ = {
			isa = XCBuildConfiguration;
			buildSettings = {
				CODE_SIGN_ENTITLEMENTS = PasteBoardFinderExtension/PasteBoardFinderExtension.entitlements;
				CODE_SIGN_STYLE = Automatic;
				COMBINE_HIDPI_IMAGES = YES;
				DEVELOPMENT_TEAM = 9937MYTBBA;
				ENABLE_HARDENED_RUNTIME = YES;
				INFOPLIST_FILE = PasteBoardFinderExtension/Info.plist;
				LD_RUNPATH_SEARCH_PATHS = (
					"$(inherited)",
					"@executable_path/../Frameworks",
					"@executable_path/../../../../Frameworks",
				);
				PRODUCT_BUNDLE_IDENTIFIER = org.tabbycatllc.PasteBoard.PasteBoardFinderExtension;
				PRODUCT_NAME = "$(TARGET_NAME)";
				SKIP_INSTALL = YES;
				SWIFT_VERSION = 5.0;
			};
			name = Debug;
		};
		0A65B48725F9318100FB2DD4 /* Release */ = {
			isa = XCBuildConfiguration;
			buildSettings = {
				CODE_SIGN_ENTITLEMENTS = PasteBoardFinderExtension/PasteBoardFinderExtension.entitlements;
				CODE_SIGN_STYLE = Automatic;
				COMBINE_HIDPI_IMAGES = YES;
				DEVELOPMENT_TEAM = 9937MYTBBA;
				ENABLE_HARDENED_RUNTIME = YES;
				INFOPLIST_FILE = PasteBoardFinderExtension/Info.plist;
				LD_RUNPATH_SEARCH_PATHS = (
					"$(inherited)",
					"@executable_path/../Frameworks",
					"@executable_path/../../../../Frameworks",
				);
				PRODUCT_BUNDLE_IDENTIFIER = org.tabbycatllc.PasteBoard.PasteBoardFinderExtension;
				PRODUCT_NAME = "$(TARGET_NAME)";
				SKIP_INSTALL = YES;
				SWIFT_VERSION = 5.0;
			};
			name = Release;
		};
/* End XCBuildConfiguration section */

/* Begin XCConfigurationList section */
		0A65B46025F9315500FB2DD4 /* Build configuration list for PBXProject "PasteBoard" */ = {
			isa = XCConfigurationList;
			buildConfigurations = (
				0A65B47325F9315800FB2DD4 /* Debug */,
				0A65B47425F9315800FB2DD4 /* Release */,
			);
			defaultConfigurationIsVisible = 0;
			defaultConfigurationName = Release;
		};
		0A65B47525F9315800FB2DD4 /* Build configuration list for PBXNativeTarget "PasteBoard" */ = {
			isa = XCConfigurationList;
			buildConfigurations = (
				0A65B47625F9315800FB2DD4 /* Debug */,
				0A65B47725F9315800FB2DD4 /* Release */,
			);
			defaultConfigurationIsVisible = 0;
			defaultConfigurationName = Release;
		};
		0A65B48525F9318100FB2DD4 /* Build configuration list for PBXNativeTarget "PasteBoardFinderExtension" */ = {
			isa = XCConfigurationList;
			buildConfigurations = (
				0A65B48625F9318100FB2DD4 /* Debug */,
				0A65B48725F9318100FB2DD4 /* Release */,
			);
			defaultConfigurationIsVisible = 0;
			defaultConfigurationName = Release;
		};
/* End XCConfigurationList section */
	};
	rootObject = 0A65B45D25F9315500FB2DD4 /* Project object */;
}
